// !$*UTF8*$!
{
	archiveVersion = 1;
	classes = {
	};
	objectVersion = 45;
	objects = {

/* Begin PBXBuildFile section */
		1708960220DEBFC5001C552A /* NSAttributedString.m in Sources */ = {isa = PBXBuildFile; fileRef = 1708960120DEBFC5001C552A /* NSAttributedString.m */; };
		17A1478520B974C700653CAF /* SwiftStubs.m in Sources */ = {isa = PBXBuildFile; fileRef = 17A1478420B974C700653CAF /* SwiftStubs.m */; };
		17A1478820BB2FC500653CAF /* FileLoaders.h in Headers */ = {isa = PBXBuildFile; fileRef = 17A1478620BB2FC500653CAF /* FileLoaders.h */; };
		17A1478920BB2FC500653CAF /* FileLoaders.m in Sources */ = {isa = PBXBuildFile; fileRef = 17A1478720BB2FC500653CAF /* FileLoaders.m */; };
		17A6FAD6207A3D2F0002EEAA /* NSZombie.m in Sources */ = {isa = PBXBuildFile; fileRef = 17A6FAD4207A3D2F0002EEAA /* NSZombie.m */; };
		17A6FADA207A503E0002EEAA /* NSObject+NSDeprecatedMethods.m in Sources */ = {isa = PBXBuildFile; fileRef = 17A6FAD8207A503E0002EEAA /* NSObject+NSDeprecatedMethods.m */; };
		17A6FADC207A7D0A0002EEAA /* SymbolAliases in Resources */ = {isa = PBXBuildFile; fileRef = 17A6FADB207A7D0A0002EEAA /* SymbolAliases */; };
		17C84F3520E5779D00F6EAFA /* NSAssertionHandler.m in Sources */ = {isa = PBXBuildFile; fileRef = 17C84F3420E5779D00F6EAFA /* NSAssertionHandler.m */; };
		17CD9B650F162D1A00A925B3 /* CoreFoundation.framework in Frameworks */ = {isa = PBXBuildFile; fileRef = 17CD9B640F162D1A00A925B3 /* CoreFoundation.framework */; };
		17F9928B1F93C27100F37DF9 /* CTScanner.h in Headers */ = {isa = PBXBuildFile; fileRef = 17F992891F93C27100F37DF9 /* CTScanner.h */; };
		17F9928C1F93C27100F37DF9 /* CTScanner.m in Sources */ = {isa = PBXBuildFile; fileRef = 17F9928A1F93C27100F37DF9 /* CTScanner.m */; };
		17F992931F93C29000F37DF9 /* GSDirectoryEnumerator.h in Headers */ = {isa = PBXBuildFile; fileRef = 17F9928D1F93C29000F37DF9 /* GSDirectoryEnumerator.h */; };
		17F992941F93C29000F37DF9 /* GSDirectoryEnumerator.m in Sources */ = {isa = PBXBuildFile; fileRef = 17F9928E1F93C29000F37DF9 /* GSDirectoryEnumerator.m */; };
		17F992951F93C29000F37DF9 /* GSIArray.h in Headers */ = {isa = PBXBuildFile; fileRef = 17F9928F1F93C29000F37DF9 /* GSIArray.h */; };
		17F992961F93C29000F37DF9 /* GSNextRuntime.h in Headers */ = {isa = PBXBuildFile; fileRef = 17F992901F93C29000F37DF9 /* GSNextRuntime.h */; };
		17F992971F93C29000F37DF9 /* GSNextRuntime.m in Sources */ = {isa = PBXBuildFile; fileRef = 17F992911F93C29000F37DF9 /* GSNextRuntime.m */; };
		17F992981F93C29000F37DF9 /* GSUnion.h in Headers */ = {isa = PBXBuildFile; fileRef = 17F992921F93C29000F37DF9 /* GSUnion.h */; };
		17F992A31F93C2CE00F37DF9 /* PFObjCTypeTools.h in Headers */ = {isa = PBXBuildFile; fileRef = 17F9929D1F93C2CE00F37DF9 /* PFObjCTypeTools.h */; };
		17F992A41F93C2CE00F37DF9 /* PFObjCTypeTools.m in Sources */ = {isa = PBXBuildFile; fileRef = 17F9929E1F93C2CE00F37DF9 /* PFObjCTypeTools.m */; };
		17F992B51F93C3B900F37DF9 /* NSArray.m in Sources */ = {isa = PBXBuildFile; fileRef = 17F992A51F93C3B900F37DF9 /* NSArray.m */; };
		17F992B81F93C3B900F37DF9 /* NSData.m in Sources */ = {isa = PBXBuildFile; fileRef = 17F992A81F93C3B900F37DF9 /* NSData.m */; };
		17F992B91F93C3B900F37DF9 /* NSDate.m in Sources */ = {isa = PBXBuildFile; fileRef = 17F992A91F93C3B900F37DF9 /* NSDate.m */; };
		17F992BA1F93C3B900F37DF9 /* NSDictionary.m in Sources */ = {isa = PBXBuildFile; fileRef = 17F992AA1F93C3B900F37DF9 /* NSDictionary.m */; };
		17F992BB1F93C3B900F37DF9 /* NSError.m in Sources */ = {isa = PBXBuildFile; fileRef = 17F992AB1F93C3B900F37DF9 /* NSError.m */; };
		17F992BC1F93C3B900F37DF9 /* NSLocale.m in Sources */ = {isa = PBXBuildFile; fileRef = 17F992AC1F93C3B900F37DF9 /* NSLocale.m */; };
		17F992BD1F93C3B900F37DF9 /* NSNumber.m in Sources */ = {isa = PBXBuildFile; fileRef = 17F992AD1F93C3B900F37DF9 /* NSNumber.m */; };
		17F992BE1F93C3B900F37DF9 /* NSSet.m in Sources */ = {isa = PBXBuildFile; fileRef = 17F992AE1F93C3B900F37DF9 /* NSSet.m */; };
		17F992BF1F93C3B900F37DF9 /* NSStream.m in Sources */ = {isa = PBXBuildFile; fileRef = 17F992AF1F93C3B900F37DF9 /* NSStream.m */; };
		17F992C21F93C3B900F37DF9 /* NSTimer.m in Sources */ = {isa = PBXBuildFile; fileRef = 17F992B21F93C3B900F37DF9 /* NSTimer.m */; };
		17F992C31F93C3B900F37DF9 /* NSTimeZone.m in Sources */ = {isa = PBXBuildFile; fileRef = 17F992B31F93C3B900F37DF9 /* NSTimeZone.m */; };
		17F992C41F93C3B900F37DF9 /* NSURL.m in Sources */ = {isa = PBXBuildFile; fileRef = 17F992B41F93C3B900F37DF9 /* NSURL.m */; };
		17F992CA1F93C41600F37DF9 /* NSFileHandle.m in Sources */ = {isa = PBXBuildFile; fileRef = 17F992C51F93C41600F37DF9 /* NSFileHandle.m */; };
		17F992CB1F93C41600F37DF9 /* NSFileManager.m in Sources */ = {isa = PBXBuildFile; fileRef = 17F992C61F93C41600F37DF9 /* NSFileManager.m */; };
		17F992CC1F93C41600F37DF9 /* NSPathUtilities.m in Sources */ = {isa = PBXBuildFile; fileRef = 17F992C71F93C41600F37DF9 /* NSPathUtilities.m */; };
		17F992CD1F93C41600F37DF9 /* PFFileHandle.h in Headers */ = {isa = PBXBuildFile; fileRef = 17F992C81F93C41600F37DF9 /* PFFileHandle.h */; };
		17F992CE1F93C41600F37DF9 /* PFFileHandle.m in Sources */ = {isa = PBXBuildFile; fileRef = 17F992C91F93C41600F37DF9 /* PFFileHandle.m */; };
		17F992D61F93C48200F37DF9 /* NSCondition.m in Sources */ = {isa = PBXBuildFile; fileRef = 17F992CF1F93C48200F37DF9 /* NSCondition.m */; };
		17F992D71F93C48200F37DF9 /* NSConditionLock.m in Sources */ = {isa = PBXBuildFile; fileRef = 17F992D01F93C48200F37DF9 /* NSConditionLock.m */; };
		17F992D81F93C48200F37DF9 /* NSLock.m in Sources */ = {isa = PBXBuildFile; fileRef = 17F992D11F93C48200F37DF9 /* NSLock.m */; };
		17F992DA1F93C48200F37DF9 /* NSRecursiveLock.m in Sources */ = {isa = PBXBuildFile; fileRef = 17F992D31F93C48200F37DF9 /* NSRecursiveLock.m */; };
		17F992DB1F93C48200F37DF9 /* NSRunLoop.m in Sources */ = {isa = PBXBuildFile; fileRef = 17F992D41F93C48200F37DF9 /* NSRunLoop.m */; };
		17F992DC1F93C48200F37DF9 /* NSThread.m in Sources */ = {isa = PBXBuildFile; fileRef = 17F992D51F93C48200F37DF9 /* NSThread.m */; };
		17F992E51F93C4D200F37DF9 /* NSAutoreleasePool.m in Sources */ = {isa = PBXBuildFile; fileRef = 17F992DD1F93C4D200F37DF9 /* NSAutoreleasePool.m */; };
		17F992E61F93C4D200F37DF9 /* NSDebug.m in Sources */ = {isa = PBXBuildFile; fileRef = 17F992DE1F93C4D200F37DF9 /* NSDebug.m */; };
		17F992E71F93C4D200F37DF9 /* NSException.m in Sources */ = {isa = PBXBuildFile; fileRef = 17F992DF1F93C4D200F37DF9 /* NSException.m */; };
		17F992EA1F93C4D200F37DF9 /* NSObjCRuntime.m in Sources */ = {isa = PBXBuildFile; fileRef = 17F992E21F93C4D200F37DF9 /* NSObjCRuntime.m */; };
		17F992EC1F93C4D200F37DF9 /* NSZone.m in Sources */ = {isa = PBXBuildFile; fileRef = 17F992E41F93C4D200F37DF9 /* NSZone.m */; };
		17F992F01F93C55600F37DF9 /* NSDateFormatter.m in Sources */ = {isa = PBXBuildFile; fileRef = 17F992ED1F93C55600F37DF9 /* NSDateFormatter.m */; };
		17F992F11F93C55600F37DF9 /* NSFormatter.m in Sources */ = {isa = PBXBuildFile; fileRef = 17F992EE1F93C55600F37DF9 /* NSFormatter.m */; };
		17F992F21F93C55600F37DF9 /* NSNumberFormatter.m in Sources */ = {isa = PBXBuildFile; fileRef = 17F992EF1F93C55600F37DF9 /* NSNumberFormatter.m */; };
		17F992F61F93C59100F37DF9 /* NSValue.m in Sources */ = {isa = PBXBuildFile; fileRef = 17F992F31F93C59100F37DF9 /* NSValue.m */; };
		17F992F71F93C59100F37DF9 /* PFValues.h in Headers */ = {isa = PBXBuildFile; fileRef = 17F992F41F93C59100F37DF9 /* PFValues.h */; };
		17F992F81F93C59100F37DF9 /* PFValues.m in Sources */ = {isa = PBXBuildFile; fileRef = 17F992F51F93C59100F37DF9 /* PFValues.m */; };
		17F993001F93C6D500F37DF9 /* NSCountedSet.m in Sources */ = {isa = PBXBuildFile; fileRef = 17F992FE1F93C6D500F37DF9 /* NSCountedSet.m */; };
		17F993041F93C73300F37DF9 /* NSKeyValueCoding.m in Sources */ = {isa = PBXBuildFile; fileRef = 17F993021F93C73300F37DF9 /* NSKeyValueCoding.m */; };
		17F993051F93C73300F37DF9 /* NSKeyValueObserving.m in Sources */ = {isa = PBXBuildFile; fileRef = 17F993031F93C73300F37DF9 /* NSKeyValueObserving.m */; };
		17F9930A1F93C77F00F37DF9 /* 64-bit.txt in Resources */ = {isa = PBXBuildFile; fileRef = 17F993061F93C77F00F37DF9 /* 64-bit.txt */; };
		17F9930B1F93C77F00F37DF9 /* Foundation Headers.txt in Resources */ = {isa = PBXBuildFile; fileRef = 17F993071F93C77F00F37DF9 /* Foundation Headers.txt */; };
		17F9930C1F93C77F00F37DF9 /* GNUStep.txt in Resources */ = {isa = PBXBuildFile; fileRef = 17F993081F93C77F00F37DF9 /* GNUStep.txt */; };
		17F9930D1F93C77F00F37DF9 /* Organisation.txt in Resources */ = {isa = PBXBuildFile; fileRef = 17F993091F93C77F00F37DF9 /* Organisation.txt */; };
		17F9930F1F93C7CF00F37DF9 /* NSHTTPCookie.m in Sources */ = {isa = PBXBuildFile; fileRef = 17F9930E1F93C7CF00F37DF9 /* NSHTTPCookie.m */; };
		17F993131F93C82500F37DF9 /* NSGeometry.m in Sources */ = {isa = PBXBuildFile; fileRef = 17F993111F93C82500F37DF9 /* NSGeometry.m */; };
		17F993141F93C82500F37DF9 /* NSRange.m in Sources */ = {isa = PBXBuildFile; fileRef = 17F993121F93C82500F37DF9 /* NSRange.m */; };
		17F993161F93C84500F37DF9 /* NSPropertyList.m in Sources */ = {isa = PBXBuildFile; fileRef = 17F993151F93C84500F37DF9 /* NSPropertyList.m */; };
		17F993191F93C86C00F37DF9 /* NSHFSFileTypes.m in Sources */ = {isa = PBXBuildFile; fileRef = 17F993181F93C86C00F37DF9 /* NSHFSFileTypes.m */; };
		17F9931C1F93C8D200F37DF9 /* NSBundle.m in Sources */ = {isa = PBXBuildFile; fileRef = 17F9931A1F93C8D200F37DF9 /* NSBundle.m */; };
		17F9931D1F93C8D200F37DF9 /* NSProcessInfo.m in Sources */ = {isa = PBXBuildFile; fileRef = 17F9931B1F93C8D200F37DF9 /* NSProcessInfo.m */; };
		17F993201F93C91500F37DF9 /* NSScanner.m in Sources */ = {isa = PBXBuildFile; fileRef = 17F9931F1F93C91500F37DF9 /* NSScanner.m */; };
		17F993241F93C93400F37DF9 /* NSCharacterSet.m in Sources */ = {isa = PBXBuildFile; fileRef = 17F993211F93C93400F37DF9 /* NSCharacterSet.m */; };
		17F993251F93C93400F37DF9 /* NSString_NSURLUtilities.m in Sources */ = {isa = PBXBuildFile; fileRef = 17F993221F93C93400F37DF9 /* NSString_NSURLUtilities.m */; };
		17F993261F93C93400F37DF9 /* NSString.m in Sources */ = {isa = PBXBuildFile; fileRef = 17F993231F93C93400F37DF9 /* NSString.m */; };
		17F993291F93C98300F37DF9 /* PureFoundation.h in Headers */ = {isa = PBXBuildFile; fileRef = 17F993271F93C98300F37DF9 /* PureFoundation.h */; };
		17F9932A1F93C98300F37DF9 /* PureFoundation.m in Sources */ = {isa = PBXBuildFile; fileRef = 17F993281F93C98300F37DF9 /* PureFoundation.m */; };
		17F9A3210F25E17700471071 /* libobjc.dylib in Frameworks */ = {isa = PBXBuildFile; fileRef = 17F9A3200F25E17700471071 /* libobjc.dylib */; };
		8D07F2C00486CC7A007CD1D0 /* InfoPlist.strings in Resources */ = {isa = PBXBuildFile; fileRef = 089C1666FE841158C02AAC07 /* InfoPlist.strings */; };
/* End PBXBuildFile section */

/* Begin PBXFileReference section */
		089C1667FE841158C02AAC07 /* English */ = {isa = PBXFileReference; fileEncoding = 10; lastKnownFileType = text.plist.strings; name = English; path = English.lproj/InfoPlist.strings; sourceTree = "<group>"; };
		1708960120DEBFC5001C552A /* NSAttributedString.m */ = {isa = PBXFileReference; lastKnownFileType = sourcecode.c.objc; name = NSAttributedString.m; path = Strings/NSAttributedString.m; sourceTree = "<group>"; };
		17A1478420B974C700653CAF /* SwiftStubs.m */ = {isa = PBXFileReference; lastKnownFileType = sourcecode.c.objc; path = SwiftStubs.m; sourceTree = "<group>"; };
		17A1478620BB2FC500653CAF /* FileLoaders.h */ = {isa = PBXFileReference; lastKnownFileType = sourcecode.c.h; name = FileLoaders.h; path = Bridged/FileLoaders.h; sourceTree = "<group>"; };
		17A1478720BB2FC500653CAF /* FileLoaders.m */ = {isa = PBXFileReference; lastKnownFileType = sourcecode.c.objc; name = FileLoaders.m; path = Bridged/FileLoaders.m; sourceTree = "<group>"; };
		17A6FAD4207A3D2F0002EEAA /* NSZombie.m */ = {isa = PBXFileReference; lastKnownFileType = sourcecode.c.objc; name = NSZombie.m; path = Runtime/NSZombie.m; sourceTree = "<group>"; };
		17A6FAD8207A503E0002EEAA /* NSObject+NSDeprecatedMethods.m */ = {isa = PBXFileReference; lastKnownFileType = sourcecode.c.objc; name = "NSObject+NSDeprecatedMethods.m"; path = "Runtime/NSObject+NSDeprecatedMethods.m"; sourceTree = "<group>"; };
		17A6FADB207A7D0A0002EEAA /* SymbolAliases */ = {isa = PBXFileReference; lastKnownFileType = text; name = SymbolAliases; path = Runtime/SymbolAliases; sourceTree = "<group>"; };
		17C84F3420E5779D00F6EAFA /* NSAssertionHandler.m */ = {isa = PBXFileReference; lastKnownFileType = sourcecode.c.objc; name = NSAssertionHandler.m; path = Runtime/NSAssertionHandler.m; sourceTree = "<group>"; };
		17CD9B640F162D1A00A925B3 /* CoreFoundation.framework */ = {isa = PBXFileReference; lastKnownFileType = wrapper.framework; name = CoreFoundation.framework; path = System/Library/Frameworks/CoreFoundation.framework; sourceTree = SDKROOT; };
		17F992871F93B90C00F37DF9 /* Foundation.framework */ = {isa = PBXFileReference; lastKnownFileType = wrapper.framework; name = Foundation.framework; path = Platforms/MacOSX.platform/Developer/SDKs/MacOSX10.12.sdk/System/Library/Frameworks/Foundation.framework; sourceTree = DEVELOPER_DIR; };
		17F992891F93C27100F37DF9 /* CTScanner.h */ = {isa = PBXFileReference; fileEncoding = 4; lastKnownFileType = sourcecode.c.h; name = CTScanner.h; path = Cocotron/CTScanner.h; sourceTree = "<group>"; };
		17F9928A1F93C27100F37DF9 /* CTScanner.m */ = {isa = PBXFileReference; fileEncoding = 4; lastKnownFileType = sourcecode.c.objc; name = CTScanner.m; path = Cocotron/CTScanner.m; sourceTree = "<group>"; };
		17F9928D1F93C29000F37DF9 /* GSDirectoryEnumerator.h */ = {isa = PBXFileReference; fileEncoding = 4; lastKnownFileType = sourcecode.c.h; name = GSDirectoryEnumerator.h; path = GNUStep/GSDirectoryEnumerator.h; sourceTree = "<group>"; };
		17F9928E1F93C29000F37DF9 /* GSDirectoryEnumerator.m */ = {isa = PBXFileReference; fileEncoding = 4; lastKnownFileType = sourcecode.c.objc; name = GSDirectoryEnumerator.m; path = GNUStep/GSDirectoryEnumerator.m; sourceTree = "<group>"; };
		17F9928F1F93C29000F37DF9 /* GSIArray.h */ = {isa = PBXFileReference; fileEncoding = 4; lastKnownFileType = sourcecode.c.h; name = GSIArray.h; path = GNUStep/GSIArray.h; sourceTree = "<group>"; };
		17F992901F93C29000F37DF9 /* GSNextRuntime.h */ = {isa = PBXFileReference; fileEncoding = 4; lastKnownFileType = sourcecode.c.h; name = GSNextRuntime.h; path = GNUStep/GSNextRuntime.h; sourceTree = "<group>"; };
		17F992911F93C29000F37DF9 /* GSNextRuntime.m */ = {isa = PBXFileReference; fileEncoding = 4; lastKnownFileType = sourcecode.c.objc; name = GSNextRuntime.m; path = GNUStep/GSNextRuntime.m; sourceTree = "<group>"; };
		17F992921F93C29000F37DF9 /* GSUnion.h */ = {isa = PBXFileReference; fileEncoding = 4; lastKnownFileType = sourcecode.c.h; name = GSUnion.h; path = GNUStep/GSUnion.h; sourceTree = "<group>"; };
		17F9929D1F93C2CE00F37DF9 /* PFObjCTypeTools.h */ = {isa = PBXFileReference; fileEncoding = 4; lastKnownFileType = sourcecode.c.h; name = PFObjCTypeTools.h; path = PureFoundation/PFObjCTypeTools.h; sourceTree = "<group>"; };
		17F9929E1F93C2CE00F37DF9 /* PFObjCTypeTools.m */ = {isa = PBXFileReference; fileEncoding = 4; lastKnownFileType = sourcecode.c.objc; name = PFObjCTypeTools.m; path = PureFoundation/PFObjCTypeTools.m; sourceTree = "<group>"; };
		17F992A51F93C3B900F37DF9 /* NSArray.m */ = {isa = PBXFileReference; fileEncoding = 4; lastKnownFileType = sourcecode.c.objc; name = NSArray.m; path = Bridged/NSArray.m; sourceTree = "<group>"; };
		17F992A81F93C3B900F37DF9 /* NSData.m */ = {isa = PBXFileReference; fileEncoding = 4; lastKnownFileType = sourcecode.c.objc; name = NSData.m; path = Bridged/NSData.m; sourceTree = "<group>"; };
		17F992A91F93C3B900F37DF9 /* NSDate.m */ = {isa = PBXFileReference; fileEncoding = 4; lastKnownFileType = sourcecode.c.objc; name = NSDate.m; path = Bridged/NSDate.m; sourceTree = "<group>"; };
		17F992AA1F93C3B900F37DF9 /* NSDictionary.m */ = {isa = PBXFileReference; fileEncoding = 4; lastKnownFileType = sourcecode.c.objc; name = NSDictionary.m; path = Bridged/NSDictionary.m; sourceTree = "<group>"; };
		17F992AB1F93C3B900F37DF9 /* NSError.m */ = {isa = PBXFileReference; fileEncoding = 4; lastKnownFileType = sourcecode.c.objc; name = NSError.m; path = Bridged/NSError.m; sourceTree = "<group>"; };
		17F992AC1F93C3B900F37DF9 /* NSLocale.m */ = {isa = PBXFileReference; fileEncoding = 4; lastKnownFileType = sourcecode.c.objc; name = NSLocale.m; path = Bridged/NSLocale.m; sourceTree = "<group>"; };
		17F992AD1F93C3B900F37DF9 /* NSNumber.m */ = {isa = PBXFileReference; fileEncoding = 4; lastKnownFileType = sourcecode.c.objc; name = NSNumber.m; path = Bridged/NSNumber.m; sourceTree = "<group>"; };
		17F992AE1F93C3B900F37DF9 /* NSSet.m */ = {isa = PBXFileReference; fileEncoding = 4; lastKnownFileType = sourcecode.c.objc; name = NSSet.m; path = Bridged/NSSet.m; sourceTree = "<group>"; };
		17F992AF1F93C3B900F37DF9 /* NSStream.m */ = {isa = PBXFileReference; fileEncoding = 4; lastKnownFileType = sourcecode.c.objc; name = NSStream.m; path = Bridged/NSStream.m; sourceTree = "<group>"; };
		17F992B21F93C3B900F37DF9 /* NSTimer.m */ = {isa = PBXFileReference; fileEncoding = 4; lastKnownFileType = sourcecode.c.objc; name = NSTimer.m; path = Bridged/NSTimer.m; sourceTree = "<group>"; };
		17F992B31F93C3B900F37DF9 /* NSTimeZone.m */ = {isa = PBXFileReference; fileEncoding = 4; lastKnownFileType = sourcecode.c.objc; name = NSTimeZone.m; path = Bridged/NSTimeZone.m; sourceTree = "<group>"; };
		17F992B41F93C3B900F37DF9 /* NSURL.m */ = {isa = PBXFileReference; fileEncoding = 4; lastKnownFileType = sourcecode.c.objc; name = NSURL.m; path = Bridged/NSURL.m; sourceTree = "<group>"; };
		17F992C51F93C41600F37DF9 /* NSFileHandle.m */ = {isa = PBXFileReference; fileEncoding = 4; lastKnownFileType = sourcecode.c.objc; name = NSFileHandle.m; path = Files/NSFileHandle.m; sourceTree = "<group>"; };
		17F992C61F93C41600F37DF9 /* NSFileManager.m */ = {isa = PBXFileReference; fileEncoding = 4; lastKnownFileType = sourcecode.c.objc; name = NSFileManager.m; path = Files/NSFileManager.m; sourceTree = "<group>"; };
		17F992C71F93C41600F37DF9 /* NSPathUtilities.m */ = {isa = PBXFileReference; fileEncoding = 4; lastKnownFileType = sourcecode.c.objc; name = NSPathUtilities.m; path = Files/NSPathUtilities.m; sourceTree = "<group>"; };
		17F992C81F93C41600F37DF9 /* PFFileHandle.h */ = {isa = PBXFileReference; fileEncoding = 4; lastKnownFileType = sourcecode.c.h; name = PFFileHandle.h; path = Files/PFFileHandle.h; sourceTree = "<group>"; };
		17F992C91F93C41600F37DF9 /* PFFileHandle.m */ = {isa = PBXFileReference; fileEncoding = 4; lastKnownFileType = sourcecode.c.objc; name = PFFileHandle.m; path = Files/PFFileHandle.m; sourceTree = "<group>"; };
		17F992CF1F93C48200F37DF9 /* NSCondition.m */ = {isa = PBXFileReference; fileEncoding = 4; lastKnownFileType = sourcecode.c.objc; name = NSCondition.m; path = Threads/NSCondition.m; sourceTree = "<group>"; };
		17F992D01F93C48200F37DF9 /* NSConditionLock.m */ = {isa = PBXFileReference; fileEncoding = 4; lastKnownFileType = sourcecode.c.objc; name = NSConditionLock.m; path = Threads/NSConditionLock.m; sourceTree = "<group>"; };
		17F992D11F93C48200F37DF9 /* NSLock.m */ = {isa = PBXFileReference; fileEncoding = 4; lastKnownFileType = sourcecode.c.objc; name = NSLock.m; path = Threads/NSLock.m; sourceTree = "<group>"; };
		17F992D31F93C48200F37DF9 /* NSRecursiveLock.m */ = {isa = PBXFileReference; fileEncoding = 4; lastKnownFileType = sourcecode.c.objc; name = NSRecursiveLock.m; path = Threads/NSRecursiveLock.m; sourceTree = "<group>"; };
		17F992D41F93C48200F37DF9 /* NSRunLoop.m */ = {isa = PBXFileReference; fileEncoding = 4; lastKnownFileType = sourcecode.c.objc; name = NSRunLoop.m; path = Threads/NSRunLoop.m; sourceTree = "<group>"; };
		17F992D51F93C48200F37DF9 /* NSThread.m */ = {isa = PBXFileReference; fileEncoding = 4; lastKnownFileType = sourcecode.c.objc; name = NSThread.m; path = Threads/NSThread.m; sourceTree = "<group>"; };
		17F992DD1F93C4D200F37DF9 /* NSAutoreleasePool.m */ = {isa = PBXFileReference; fileEncoding = 4; lastKnownFileType = sourcecode.c.objc; name = NSAutoreleasePool.m; path = Runtime/NSAutoreleasePool.m; sourceTree = "<group>"; };
		17F992DE1F93C4D200F37DF9 /* NSDebug.m */ = {isa = PBXFileReference; fileEncoding = 4; lastKnownFileType = sourcecode.c.objc; name = NSDebug.m; path = Runtime/NSDebug.m; sourceTree = "<group>"; };
		17F992DF1F93C4D200F37DF9 /* NSException.m */ = {isa = PBXFileReference; fileEncoding = 4; lastKnownFileType = sourcecode.c.objc; name = NSException.m; path = Runtime/NSException.m; sourceTree = "<group>"; };
		17F992E21F93C4D200F37DF9 /* NSObjCRuntime.m */ = {isa = PBXFileReference; fileEncoding = 4; lastKnownFileType = sourcecode.c.objc; name = NSObjCRuntime.m; path = Runtime/NSObjCRuntime.m; sourceTree = "<group>"; };
		17F992E31F93C4D200F37DF9 /* NSObject+NSCoderMethods.m */ = {isa = PBXFileReference; fileEncoding = 4; lastKnownFileType = sourcecode.c.objc; name = "NSObject+NSCoderMethods.m"; path = "Runtime/NSObject+NSCoderMethods.m"; sourceTree = "<group>"; };
		17F992E41F93C4D200F37DF9 /* NSZone.m */ = {isa = PBXFileReference; fileEncoding = 4; lastKnownFileType = sourcecode.c.objc; name = NSZone.m; path = Runtime/NSZone.m; sourceTree = "<group>"; };
		17F992ED1F93C55600F37DF9 /* NSDateFormatter.m */ = {isa = PBXFileReference; fileEncoding = 4; lastKnownFileType = sourcecode.c.objc; name = NSDateFormatter.m; path = Formatters/NSDateFormatter.m; sourceTree = "<group>"; };
		17F992EE1F93C55600F37DF9 /* NSFormatter.m */ = {isa = PBXFileReference; fileEncoding = 4; lastKnownFileType = sourcecode.c.objc; name = NSFormatter.m; path = Formatters/NSFormatter.m; sourceTree = "<group>"; };
		17F992EF1F93C55600F37DF9 /* NSNumberFormatter.m */ = {isa = PBXFileReference; fileEncoding = 4; lastKnownFileType = sourcecode.c.objc; name = NSNumberFormatter.m; path = Formatters/NSNumberFormatter.m; sourceTree = "<group>"; };
		17F992F31F93C59100F37DF9 /* NSValue.m */ = {isa = PBXFileReference; fileEncoding = 4; lastKnownFileType = sourcecode.c.objc; name = NSValue.m; path = Values/NSValue.m; sourceTree = "<group>"; };
		17F992F41F93C59100F37DF9 /* PFValues.h */ = {isa = PBXFileReference; fileEncoding = 4; lastKnownFileType = sourcecode.c.h; name = PFValues.h; path = Values/PFValues.h; sourceTree = "<group>"; };
		17F992F51F93C59100F37DF9 /* PFValues.m */ = {isa = PBXFileReference; fileEncoding = 4; lastKnownFileType = sourcecode.c.objc; name = PFValues.m; path = Values/PFValues.m; sourceTree = "<group>"; };
		17F992FE1F93C6D500F37DF9 /* NSCountedSet.m */ = {isa = PBXFileReference; fileEncoding = 4; lastKnownFileType = sourcecode.c.objc; name = NSCountedSet.m; path = Collections/NSCountedSet.m; sourceTree = "<group>"; };
		17F993021F93C73300F37DF9 /* NSKeyValueCoding.m */ = {isa = PBXFileReference; fileEncoding = 4; lastKnownFileType = sourcecode.c.objc; name = NSKeyValueCoding.m; path = Runtime/NSKeyValueCoding.m; sourceTree = "<group>"; };
		17F993031F93C73300F37DF9 /* NSKeyValueObserving.m */ = {isa = PBXFileReference; fileEncoding = 4; lastKnownFileType = sourcecode.c.objc; name = NSKeyValueObserving.m; path = Runtime/NSKeyValueObserving.m; sourceTree = "<group>"; };
		17F993061F93C77F00F37DF9 /* 64-bit.txt */ = {isa = PBXFileReference; fileEncoding = 4; lastKnownFileType = text; name = "64-bit.txt"; path = "Documentation/64-bit.txt"; sourceTree = "<group>"; };
		17F993071F93C77F00F37DF9 /* Foundation Headers.txt */ = {isa = PBXFileReference; fileEncoding = 4; lastKnownFileType = text; name = "Foundation Headers.txt"; path = "Documentation/Foundation Headers.txt"; sourceTree = "<group>"; };
		17F993081F93C77F00F37DF9 /* GNUStep.txt */ = {isa = PBXFileReference; fileEncoding = 4; lastKnownFileType = text; name = GNUStep.txt; path = Documentation/GNUStep.txt; sourceTree = "<group>"; };
		17F993091F93C77F00F37DF9 /* Organisation.txt */ = {isa = PBXFileReference; fileEncoding = 4; lastKnownFileType = text; name = Organisation.txt; path = Documentation/Organisation.txt; sourceTree = "<group>"; };
		17F9930E1F93C7CF00F37DF9 /* NSHTTPCookie.m */ = {isa = PBXFileReference; fileEncoding = 4; lastKnownFileType = sourcecode.c.objc; name = NSHTTPCookie.m; path = URL/NSHTTPCookie.m; sourceTree = "<group>"; };
		17F993111F93C82500F37DF9 /* NSGeometry.m */ = {isa = PBXFileReference; fileEncoding = 4; lastKnownFileType = sourcecode.c.objc; name = NSGeometry.m; path = Types/NSGeometry.m; sourceTree = "<group>"; };
		17F993121F93C82500F37DF9 /* NSRange.m */ = {isa = PBXFileReference; fileEncoding = 4; lastKnownFileType = sourcecode.c.objc; name = NSRange.m; path = Types/NSRange.m; sourceTree = "<group>"; };
		17F993151F93C84500F37DF9 /* NSPropertyList.m */ = {isa = PBXFileReference; fileEncoding = 4; lastKnownFileType = sourcecode.c.objc; name = NSPropertyList.m; path = Values/NSPropertyList.m; sourceTree = "<group>"; };
		17F993181F93C86C00F37DF9 /* NSHFSFileTypes.m */ = {isa = PBXFileReference; fileEncoding = 4; lastKnownFileType = sourcecode.c.objc; name = NSHFSFileTypes.m; path = System/NSHFSFileTypes.m; sourceTree = "<group>"; };
		17F9931A1F93C8D200F37DF9 /* NSBundle.m */ = {isa = PBXFileReference; fileEncoding = 4; lastKnownFileType = sourcecode.c.objc; name = NSBundle.m; path = System/NSBundle.m; sourceTree = "<group>"; };
		17F9931B1F93C8D200F37DF9 /* NSProcessInfo.m */ = {isa = PBXFileReference; fileEncoding = 4; lastKnownFileType = sourcecode.c.objc; name = NSProcessInfo.m; path = System/NSProcessInfo.m; sourceTree = "<group>"; };
		17F9931F1F93C91500F37DF9 /* NSScanner.m */ = {isa = PBXFileReference; fileEncoding = 4; lastKnownFileType = sourcecode.c.objc; name = NSScanner.m; path = Strings/NSScanner.m; sourceTree = "<group>"; };
		17F993211F93C93400F37DF9 /* NSCharacterSet.m */ = {isa = PBXFileReference; fileEncoding = 4; lastKnownFileType = sourcecode.c.objc; name = NSCharacterSet.m; path = Strings/NSCharacterSet.m; sourceTree = "<group>"; };
		17F993221F93C93400F37DF9 /* NSString_NSURLUtilities.m */ = {isa = PBXFileReference; fileEncoding = 4; lastKnownFileType = sourcecode.c.objc; name = NSString_NSURLUtilities.m; path = Strings/NSString_NSURLUtilities.m; sourceTree = "<group>"; };
		17F993231F93C93400F37DF9 /* NSString.m */ = {isa = PBXFileReference; fileEncoding = 4; lastKnownFileType = sourcecode.c.objc; name = NSString.m; path = Strings/NSString.m; sourceTree = "<group>"; };
		17F993271F93C98300F37DF9 /* PureFoundation.h */ = {isa = PBXFileReference; fileEncoding = 4; lastKnownFileType = sourcecode.c.h; name = PureFoundation.h; path = PureFoundation/PureFoundation.h; sourceTree = "<group>"; };
		17F993281F93C98300F37DF9 /* PureFoundation.m */ = {isa = PBXFileReference; fileEncoding = 4; lastKnownFileType = sourcecode.c.objc; name = PureFoundation.m; path = PureFoundation/PureFoundation.m; sourceTree = "<group>"; };
		17F9A3200F25E17700471071 /* libobjc.dylib */ = {isa = PBXFileReference; lastKnownFileType = "compiled.mach-o.dylib"; name = libobjc.dylib; path = usr/lib/libobjc.dylib; sourceTree = SDKROOT; };
		32BAE0B70371A74B00C91783 /* PureFoundation_Prefix.pch */ = {isa = PBXFileReference; fileEncoding = 4; lastKnownFileType = sourcecode.c.h; path = PureFoundation_Prefix.pch; sourceTree = "<group>"; };
		8D07F2C70486CC7A007CD1D0 /* Info.plist */ = {isa = PBXFileReference; fileEncoding = 4; lastKnownFileType = text.plist; path = Info.plist; sourceTree = "<group>"; };
		8D07F2C80486CC7A007CD1D0 /* Foundation.framework */ = {isa = PBXFileReference; explicitFileType = wrapper.framework; includeInIndex = 0; path = Foundation.framework; sourceTree = BUILT_PRODUCTS_DIR; };
/* End PBXFileReference section */

/* Begin PBXFrameworksBuildPhase section */
		8D07F2C30486CC7A007CD1D0 /* Frameworks */ = {
			isa = PBXFrameworksBuildPhase;
			buildActionMask = 2147483647;
			files = (
				17F9A3210F25E17700471071 /* libobjc.dylib in Frameworks */,
				17CD9B650F162D1A00A925B3 /* CoreFoundation.framework in Frameworks */,
			);
			runOnlyForDeploymentPostprocessing = 0;
		};
/* End PBXFrameworksBuildPhase section */

/* Begin PBXGroup section */
		034768DDFF38A45A11DB9C8B /* Products */ = {
			isa = PBXGroup;
			children = (
				8D07F2C80486CC7A007CD1D0 /* Foundation.framework */,
			);
			name = Products;
			sourceTree = "<group>";
		};
		0867D691FE84028FC02AAC07 /* PureFoundation */ = {
			isa = PBXGroup;
			children = (
				08FB77ACFE841707C02AAC07 /* Source */,
				089C1665FE841158C02AAC07 /* Resources */,
				0867D69AFE84028FC02AAC07 /* External Frameworks and Libraries */,
				034768DDFF38A45A11DB9C8B /* Products */,
				17CD9B640F162D1A00A925B3 /* CoreFoundation.framework */,
				17F9A3200F25E17700471071 /* libobjc.dylib */,
				17F992861F93B90C00F37DF9 /* Frameworks */,
			);
			name = PureFoundation;
			sourceTree = "<group>";
		};
		0867D69AFE84028FC02AAC07 /* External Frameworks and Libraries */ = {
			isa = PBXGroup;
			children = (
			);
			name = "External Frameworks and Libraries";
			sourceTree = "<group>";
		};
		089C1665FE841158C02AAC07 /* Resources */ = {
			isa = PBXGroup;
			children = (
				8D07F2C70486CC7A007CD1D0 /* Info.plist */,
				089C1666FE841158C02AAC07 /* InfoPlist.strings */,
			);
			name = Resources;
			sourceTree = "<group>";
		};
		08FB77ACFE841707C02AAC07 /* Source */ = {
			isa = PBXGroup;
			children = (
				179DDE2E0F3C3E2B008E838A /* Notes */,
				17A1478320B974A300653CAF /* Swift */,
				17F992FD1F93C6BE00F37DF9 /* Collections */,
				17FC48450F39A03300AD37F1 /* Bridged Classes */,
				17B11FCE0F4B0FDF008D395B /* Cocotron */,
				17FC48390F399E3000AD37F1 /* GNUStep */,
				1714E6820F3A32460039B3D4 /* PureFoundation */,
				17B11E230F499A3F008D395B /* Files, etc. */,
				170A43220F6AD9A200B73C4B /* Mach */,
				17B11E130F4999FE008D395B /* Threads, etc. */,
				17B11E240F499A7F008D395B /* Runtime */,
				170A43250F6BE23400B73C4B /* Formatters */,
				32BAE0B70371A74B00C91783 /* PureFoundation_Prefix.pch */,
				17F9931E1F93C8FA00F37DF9 /* Strings */,
				170A444F0F6C6AF700B73C4B /* Values */,
				170A445C0F6C75AE00B73C4B /* URL */,
				170A445B0F6C74A900B73C4B /* XML */,
				170A445D0F6C76C800B73C4B /* Coders */,
				170A445E0F6C7A8500B73C4B /* Predicates */,
				17F993101F93C81300F37DF9 /* Types */,
				17F993171F93C86000F37DF9 /* System */,
			);
			name = Source;
			sourceTree = "<group>";
		};
		170A43220F6AD9A200B73C4B /* Mach */ = {
			isa = PBXGroup;
			children = (
			);
			name = Mach;
			sourceTree = "<group>";
		};
		170A43250F6BE23400B73C4B /* Formatters */ = {
			isa = PBXGroup;
			children = (
				17F992ED1F93C55600F37DF9 /* NSDateFormatter.m */,
				17F992EE1F93C55600F37DF9 /* NSFormatter.m */,
				17F992EF1F93C55600F37DF9 /* NSNumberFormatter.m */,
			);
			name = Formatters;
			sourceTree = "<group>";
		};
		170A444F0F6C6AF700B73C4B /* Values */ = {
			isa = PBXGroup;
			children = (
				17F992F31F93C59100F37DF9 /* NSValue.m */,
				17F992F41F93C59100F37DF9 /* PFValues.h */,
				17F992F51F93C59100F37DF9 /* PFValues.m */,
				17F993151F93C84500F37DF9 /* NSPropertyList.m */,
			);
			name = Values;
			sourceTree = "<group>";
		};
		170A445B0F6C74A900B73C4B /* XML */ = {
			isa = PBXGroup;
			children = (
			);
			name = XML;
			sourceTree = "<group>";
		};
		170A445C0F6C75AE00B73C4B /* URL */ = {
			isa = PBXGroup;
			children = (
				17F9930E1F93C7CF00F37DF9 /* NSHTTPCookie.m */,
			);
			name = URL;
			sourceTree = "<group>";
		};
		170A445D0F6C76C800B73C4B /* Coders */ = {
			isa = PBXGroup;
			children = (
			);
			name = Coders;
			sourceTree = "<group>";
		};
		170A445E0F6C7A8500B73C4B /* Predicates */ = {
			isa = PBXGroup;
			children = (
			);
			name = Predicates;
			sourceTree = "<group>";
		};
		1714E6820F3A32460039B3D4 /* PureFoundation */ = {
			isa = PBXGroup;
			children = (
				17F993271F93C98300F37DF9 /* PureFoundation.h */,
				17F993281F93C98300F37DF9 /* PureFoundation.m */,
				17F9929D1F93C2CE00F37DF9 /* PFObjCTypeTools.h */,
				17F9929E1F93C2CE00F37DF9 /* PFObjCTypeTools.m */,
			);
			name = PureFoundation;
			sourceTree = "<group>";
		};
		179DDE2E0F3C3E2B008E838A /* Notes */ = {
			isa = PBXGroup;
			children = (
				17F993061F93C77F00F37DF9 /* 64-bit.txt */,
				17F993071F93C77F00F37DF9 /* Foundation Headers.txt */,
				17F993081F93C77F00F37DF9 /* GNUStep.txt */,
				17F993091F93C77F00F37DF9 /* Organisation.txt */,
			);
			name = Notes;
			sourceTree = "<group>";
		};
		17A1478320B974A300653CAF /* Swift */ = {
			isa = PBXGroup;
			children = (
				17A1478420B974C700653CAF /* SwiftStubs.m */,
			);
			path = Swift;
			sourceTree = "<group>";
		};
		17B11E130F4999FE008D395B /* Threads, etc. */ = {
			isa = PBXGroup;
			children = (
				17F992CF1F93C48200F37DF9 /* NSCondition.m */,
				17F992D01F93C48200F37DF9 /* NSConditionLock.m */,
				17F992D11F93C48200F37DF9 /* NSLock.m */,
				17F992D31F93C48200F37DF9 /* NSRecursiveLock.m */,
				17F992D41F93C48200F37DF9 /* NSRunLoop.m */,
				17F992D51F93C48200F37DF9 /* NSThread.m */,
			);
			name = "Threads, etc.";
			sourceTree = "<group>";
		};
		17B11E230F499A3F008D395B /* Files, etc. */ = {
			isa = PBXGroup;
			children = (
				17F992C51F93C41600F37DF9 /* NSFileHandle.m */,
				17F992C61F93C41600F37DF9 /* NSFileManager.m */,
				17F992C71F93C41600F37DF9 /* NSPathUtilities.m */,
				17F992C81F93C41600F37DF9 /* PFFileHandle.h */,
				17F992C91F93C41600F37DF9 /* PFFileHandle.m */,
			);
			name = "Files, etc.";
			sourceTree = "<group>";
		};
		17B11E240F499A7F008D395B /* Runtime */ = {
			isa = PBXGroup;
			children = (
				17F992DD1F93C4D200F37DF9 /* NSAutoreleasePool.m */,
				17F992DE1F93C4D200F37DF9 /* NSDebug.m */,
				17F992DF1F93C4D200F37DF9 /* NSException.m */,
				17C84F3420E5779D00F6EAFA /* NSAssertionHandler.m */,
				17F993021F93C73300F37DF9 /* NSKeyValueCoding.m */,
				17F993031F93C73300F37DF9 /* NSKeyValueObserving.m */,
				17F992E21F93C4D200F37DF9 /* NSObjCRuntime.m */,
				17F992E31F93C4D200F37DF9 /* NSObject+NSCoderMethods.m */,
				17A6FAD8207A503E0002EEAA /* NSObject+NSDeprecatedMethods.m */,
				17A6FAD4207A3D2F0002EEAA /* NSZombie.m */,
				17F992E41F93C4D200F37DF9 /* NSZone.m */,
				17A6FADB207A7D0A0002EEAA /* SymbolAliases */,
			);
			name = Runtime;
			sourceTree = "<group>";
		};
		17B11FCE0F4B0FDF008D395B /* Cocotron */ = {
			isa = PBXGroup;
			children = (
				17F992891F93C27100F37DF9 /* CTScanner.h */,
				17F9928A1F93C27100F37DF9 /* CTScanner.m */,
			);
			name = Cocotron;
			sourceTree = "<group>";
		};
		17F992861F93B90C00F37DF9 /* Frameworks */ = {
			isa = PBXGroup;
			children = (
				17F992871F93B90C00F37DF9 /* Foundation.framework */,
			);
			name = Frameworks;
			sourceTree = "<group>";
		};
		17F992FD1F93C6BE00F37DF9 /* Collections */ = {
			isa = PBXGroup;
			children = (
				17F992FE1F93C6D500F37DF9 /* NSCountedSet.m */,
			);
			name = Collections;
			sourceTree = "<group>";
		};
		17F993101F93C81300F37DF9 /* Types */ = {
			isa = PBXGroup;
			children = (
				17F993111F93C82500F37DF9 /* NSGeometry.m */,
				17F993121F93C82500F37DF9 /* NSRange.m */,
			);
			name = Types;
			sourceTree = "<group>";
		};
		17F993171F93C86000F37DF9 /* System */ = {
			isa = PBXGroup;
			children = (
				17F9931A1F93C8D200F37DF9 /* NSBundle.m */,
				17F9931B1F93C8D200F37DF9 /* NSProcessInfo.m */,
				17F993181F93C86C00F37DF9 /* NSHFSFileTypes.m */,
			);
			name = System;
			sourceTree = "<group>";
		};
		17F9931E1F93C8FA00F37DF9 /* Strings */ = {
			isa = PBXGroup;
			children = (
				17F993211F93C93400F37DF9 /* NSCharacterSet.m */,
				17F993221F93C93400F37DF9 /* NSString_NSURLUtilities.m */,
				17F993231F93C93400F37DF9 /* NSString.m */,
				1708960120DEBFC5001C552A /* NSAttributedString.m */,
				17F9931F1F93C91500F37DF9 /* NSScanner.m */,
			);
			name = Strings;
			sourceTree = "<group>";
		};
		17FC48390F399E3000AD37F1 /* GNUStep */ = {
			isa = PBXGroup;
			children = (
				17F9928D1F93C29000F37DF9 /* GSDirectoryEnumerator.h */,
				17F9928E1F93C29000F37DF9 /* GSDirectoryEnumerator.m */,
				17F9928F1F93C29000F37DF9 /* GSIArray.h */,
				17F992901F93C29000F37DF9 /* GSNextRuntime.h */,
				17F992911F93C29000F37DF9 /* GSNextRuntime.m */,
				17F992921F93C29000F37DF9 /* GSUnion.h */,
			);
			name = GNUStep;
			sourceTree = "<group>";
		};
		17FC48450F39A03300AD37F1 /* Bridged Classes */ = {
			isa = PBXGroup;
			children = (
				17F992A51F93C3B900F37DF9 /* NSArray.m */,
				17F992A81F93C3B900F37DF9 /* NSData.m */,
				17F992A91F93C3B900F37DF9 /* NSDate.m */,
				17F992AA1F93C3B900F37DF9 /* NSDictionary.m */,
				17F992AB1F93C3B900F37DF9 /* NSError.m */,
				17F992AC1F93C3B900F37DF9 /* NSLocale.m */,
				17F992AD1F93C3B900F37DF9 /* NSNumber.m */,
				17F992AE1F93C3B900F37DF9 /* NSSet.m */,
				17F992AF1F93C3B900F37DF9 /* NSStream.m */,
				17F992B21F93C3B900F37DF9 /* NSTimer.m */,
				17F992B31F93C3B900F37DF9 /* NSTimeZone.m */,
				17F992B41F93C3B900F37DF9 /* NSURL.m */,
				17A1478620BB2FC500653CAF /* FileLoaders.h */,
				17A1478720BB2FC500653CAF /* FileLoaders.m */,
			);
			name = "Bridged Classes";
			sourceTree = "<group>";
		};
/* End PBXGroup section */

/* Begin PBXHeadersBuildPhase section */
		8D07F2BD0486CC7A007CD1D0 /* Headers */ = {
			isa = PBXHeadersBuildPhase;
			buildActionMask = 2147483647;
			files = (
				17F993291F93C98300F37DF9 /* PureFoundation.h in Headers */,
				17F9928B1F93C27100F37DF9 /* CTScanner.h in Headers */,
				17F992F71F93C59100F37DF9 /* PFValues.h in Headers */,
				17F992981F93C29000F37DF9 /* GSUnion.h in Headers */,
				17F992A31F93C2CE00F37DF9 /* PFObjCTypeTools.h in Headers */,
				17F992961F93C29000F37DF9 /* GSNextRuntime.h in Headers */,
				17F992951F93C29000F37DF9 /* GSIArray.h in Headers */,
				17A1478820BB2FC500653CAF /* FileLoaders.h in Headers */,
				17F992931F93C29000F37DF9 /* GSDirectoryEnumerator.h in Headers */,
				17F992CD1F93C41600F37DF9 /* PFFileHandle.h in Headers */,
			);
			runOnlyForDeploymentPostprocessing = 0;
		};
/* End PBXHeadersBuildPhase section */

/* Begin PBXNativeTarget section */
		8D07F2BC0486CC7A007CD1D0 /* Foundation */ = {
			isa = PBXNativeTarget;
			buildConfigurationList = 4FADC24208B4156D00ABE55E /* Build configuration list for PBXNativeTarget "Foundation" */;
			buildPhases = (
				8D07F2BD0486CC7A007CD1D0 /* Headers */,
				8D07F2BF0486CC7A007CD1D0 /* Resources */,
				8D07F2C10486CC7A007CD1D0 /* Sources */,
				8D07F2C30486CC7A007CD1D0 /* Frameworks */,
				8D07F2C50486CC7A007CD1D0 /* Rez */,
			);
			buildRules = (
			);
			dependencies = (
			);
			name = Foundation;
			productInstallPath = "$(HOME)/Library/Frameworks";
			productName = PureFoundation;
			productReference = 8D07F2C80486CC7A007CD1D0 /* Foundation.framework */;
			productType = "com.apple.product-type.framework";
		};
/* End PBXNativeTarget section */

/* Begin PBXProject section */
		0867D690FE84028FC02AAC07 /* Project object */ = {
			isa = PBXProject;
			attributes = {
			};
			buildConfigurationList = 4FADC24608B4156D00ABE55E /* Build configuration list for PBXProject "PureFoundation" */;
			compatibilityVersion = "Xcode 3.1";
			developmentRegion = English;
			hasScannedForEncodings = 1;
			knownRegions = (
				en,
			);
			mainGroup = 0867D691FE84028FC02AAC07 /* PureFoundation */;
			productRefGroup = 034768DDFF38A45A11DB9C8B /* Products */;
			projectDirPath = "";
			projectRoot = "";
			targets = (
				8D07F2BC0486CC7A007CD1D0 /* Foundation */,
			);
		};
/* End PBXProject section */

/* Begin PBXResourcesBuildPhase section */
		8D07F2BF0486CC7A007CD1D0 /* Resources */ = {
			isa = PBXResourcesBuildPhase;
			buildActionMask = 2147483647;
			files = (
				17F9930B1F93C77F00F37DF9 /* Foundation Headers.txt in Resources */,
				17F9930A1F93C77F00F37DF9 /* 64-bit.txt in Resources */,
				8D07F2C00486CC7A007CD1D0 /* InfoPlist.strings in Resources */,
				17A6FADC207A7D0A0002EEAA /* SymbolAliases in Resources */,
				17F9930D1F93C77F00F37DF9 /* Organisation.txt in Resources */,
				17F9930C1F93C77F00F37DF9 /* GNUStep.txt in Resources */,
			);
			runOnlyForDeploymentPostprocessing = 0;
		};
/* End PBXResourcesBuildPhase section */

/* Begin PBXRezBuildPhase section */
		8D07F2C50486CC7A007CD1D0 /* Rez */ = {
			isa = PBXRezBuildPhase;
			buildActionMask = 2147483647;
			files = (
			);
			runOnlyForDeploymentPostprocessing = 0;
		};
/* End PBXRezBuildPhase section */

/* Begin PBXSourcesBuildPhase section */
		8D07F2C10486CC7A007CD1D0 /* Sources */ = {
			isa = PBXSourcesBuildPhase;
			buildActionMask = 2147483647;
			files = (
				17F992F61F93C59100F37DF9 /* NSValue.m in Sources */,
				17F992DB1F93C48200F37DF9 /* NSRunLoop.m in Sources */,
				17F992B91F93C3B900F37DF9 /* NSDate.m in Sources */,
				17F992BE1F93C3B900F37DF9 /* NSSet.m in Sources */,
				17A1478520B974C700653CAF /* SwiftStubs.m in Sources */,
				17F992C31F93C3B900F37DF9 /* NSTimeZone.m in Sources */,
				17F9928C1F93C27100F37DF9 /* CTScanner.m in Sources */,
				17F9931C1F93C8D200F37DF9 /* NSBundle.m in Sources */,
				17F993051F93C73300F37DF9 /* NSKeyValueObserving.m in Sources */,
				17F992B51F93C3B900F37DF9 /* NSArray.m in Sources */,
				17F992941F93C29000F37DF9 /* GSDirectoryEnumerator.m in Sources */,
				17F993251F93C93400F37DF9 /* NSString_NSURLUtilities.m in Sources */,
				17F992A41F93C2CE00F37DF9 /* PFObjCTypeTools.m in Sources */,
				17F992F11F93C55600F37DF9 /* NSFormatter.m in Sources */,
				17F992D81F93C48200F37DF9 /* NSLock.m in Sources */,
				17F992BF1F93C3B900F37DF9 /* NSStream.m in Sources */,
				17F9932A1F93C98300F37DF9 /* PureFoundation.m in Sources */,
				17F992E51F93C4D200F37DF9 /* NSAutoreleasePool.m in Sources */,
				1708960220DEBFC5001C552A /* NSAttributedString.m in Sources */,
				17C84F3520E5779D00F6EAFA /* NSAssertionHandler.m in Sources */,
				17F993241F93C93400F37DF9 /* NSCharacterSet.m in Sources */,
				17F992C41F93C3B900F37DF9 /* NSURL.m in Sources */,
				17F992EA1F93C4D200F37DF9 /* NSObjCRuntime.m in Sources */,
				17F992F21F93C55600F37DF9 /* NSNumberFormatter.m in Sources */,
				17F992CA1F93C41600F37DF9 /* NSFileHandle.m in Sources */,
				17A1478920BB2FC500653CAF /* FileLoaders.m in Sources */,
				17F992BC1F93C3B900F37DF9 /* NSLocale.m in Sources */,
				17F992CE1F93C41600F37DF9 /* PFFileHandle.m in Sources */,
				17F993161F93C84500F37DF9 /* NSPropertyList.m in Sources */,
				17F992EC1F93C4D200F37DF9 /* NSZone.m in Sources */,
				17F9930F1F93C7CF00F37DF9 /* NSHTTPCookie.m in Sources */,
				17F993141F93C82500F37DF9 /* NSRange.m in Sources */,
				17F992BB1F93C3B900F37DF9 /* NSError.m in Sources */,
				17F993201F93C91500F37DF9 /* NSScanner.m in Sources */,
				17F993001F93C6D500F37DF9 /* NSCountedSet.m in Sources */,
				17F993261F93C93400F37DF9 /* NSString.m in Sources */,
				17F992BD1F93C3B900F37DF9 /* NSNumber.m in Sources */,
				17F992B81F93C3B900F37DF9 /* NSData.m in Sources */,
				17F992971F93C29000F37DF9 /* GSNextRuntime.m in Sources */,
				17F992CC1F93C41600F37DF9 /* NSPathUtilities.m in Sources */,
				17F993191F93C86C00F37DF9 /* NSHFSFileTypes.m in Sources */,
				17F992F01F93C55600F37DF9 /* NSDateFormatter.m in Sources */,
				17F992DA1F93C48200F37DF9 /* NSRecursiveLock.m in Sources */,
				17F992F81F93C59100F37DF9 /* PFValues.m in Sources */,
				17A6FADA207A503E0002EEAA /* NSObject+NSDeprecatedMethods.m in Sources */,
				17F992E61F93C4D200F37DF9 /* NSDebug.m in Sources */,
				17F9931D1F93C8D200F37DF9 /* NSProcessInfo.m in Sources */,
				17F992D71F93C48200F37DF9 /* NSConditionLock.m in Sources */,
				17F992D61F93C48200F37DF9 /* NSCondition.m in Sources */,
				17A6FAD6207A3D2F0002EEAA /* NSZombie.m in Sources */,
				17F992E71F93C4D200F37DF9 /* NSException.m in Sources */,
				17F993131F93C82500F37DF9 /* NSGeometry.m in Sources */,
				17F992C21F93C3B900F37DF9 /* NSTimer.m in Sources */,
				17F992BA1F93C3B900F37DF9 /* NSDictionary.m in Sources */,
				17F992DC1F93C48200F37DF9 /* NSThread.m in Sources */,
				17F993041F93C73300F37DF9 /* NSKeyValueCoding.m in Sources */,
				17F992CB1F93C41600F37DF9 /* NSFileManager.m in Sources */,
			);
			runOnlyForDeploymentPostprocessing = 0;
		};
/* End PBXSourcesBuildPhase section */

/* Begin PBXVariantGroup section */
		089C1666FE841158C02AAC07 /* InfoPlist.strings */ = {
			isa = PBXVariantGroup;
			children = (
				089C1667FE841158C02AAC07 /* English */,
			);
			name = InfoPlist.strings;
			sourceTree = "<group>";
		};
/* End PBXVariantGroup section */

/* Begin XCBuildConfiguration section */
		4FADC24308B4156D00ABE55E /* Debug */ = {
			isa = XCBuildConfiguration;
			buildSettings = {
				ARCHS = "$(ARCHS_STANDARD_64_BIT)";
				COPY_PHASE_STRIP = NO;
				DYLIB_COMPATIBILITY_VERSION = 300;
				DYLIB_CURRENT_VERSION = 300;
				FRAMEWORK_SEARCH_PATHS = "";
				FRAMEWORK_VERSION = C;
				GCC_DYNAMIC_NO_PIC = NO;
				GCC_ENABLE_FIX_AND_CONTINUE = YES;
				GCC_MODEL_TUNING = G5;
				GCC_OPTIMIZATION_LEVEL = 0;
				GCC_PRECOMPILE_PREFIX_HEADER = YES;
				GCC_PREFIX_HEADER = PureFoundation_Prefix.pch;
				GCC_PREPROCESSOR_DEFINITIONS = "DEBUG=1";
				HEADER_SEARCH_PATHS = "";
				INFOPLIST_FILE = Info.plist;
				INSTALL_PATH = "";
				LIBRARY_SEARCH_PATHS = "";
				LIBRARY_STYLE = DYNAMIC;
				LINK_WITH_STANDARD_LIBRARIES = NO;
				MACH_O_TYPE = mh_dylib;
				ONLY_ACTIVE_ARCH = NO;
				OTHER_LDFLAGS = (
					"-undefined",
					dynamic_lookup,
				);
				PRODUCT_NAME = Foundation;
				SDKROOT = macosx;
				SKIP_INSTALL = YES;
				SYSTEM_FRAMEWORK_SEARCH_PATHS = "";
				SYSTEM_HEADER_SEARCH_PATHS = "$(SRCROOT)/**";
				VALID_ARCHS = "i386 x86_64";
				WRAPPER_EXTENSION = framework;
				ZERO_LINK = YES;
			};
			name = Debug;
		};
		4FADC24408B4156D00ABE55E /* Release */ = {
			isa = XCBuildConfiguration;
			buildSettings = {
				ARCHS = "$(ARCHS_STANDARD_64_BIT)";
				DEBUG_INFORMATION_FORMAT = "dwarf-with-dsym";
				DYLIB_COMPATIBILITY_VERSION = 300;
				DYLIB_CURRENT_VERSION = 300;
				FRAMEWORK_SEARCH_PATHS = "";
				FRAMEWORK_VERSION = C;
				GCC_MODEL_TUNING = G5;
				GCC_PRECOMPILE_PREFIX_HEADER = YES;
				GCC_PREFIX_HEADER = PureFoundation_Prefix.pch;
				HEADER_SEARCH_PATHS = "";
				INFOPLIST_FILE = Info.plist;
				INSTALL_PATH = "";
				LIBRARY_SEARCH_PATHS = "";
				LIBRARY_STYLE = DYNAMIC;
				LINK_WITH_STANDARD_LIBRARIES = NO;
				MACH_O_TYPE = mh_dylib;
				ONLY_ACTIVE_ARCH = NO;
				OTHER_LDFLAGS = (
					"-undefined",
					dynamic_lookup,
				);
				PRODUCT_NAME = Foundation;
				SDKROOT = macosx;
				SKIP_INSTALL = YES;
				SYSTEM_FRAMEWORK_SEARCH_PATHS = "";
				SYSTEM_HEADER_SEARCH_PATHS = "$(SRCROOT)/**";
				VALID_ARCHS = "i386 x86_64";
				WRAPPER_EXTENSION = framework;
			};
			name = Release;
		};
		4FADC24708B4156D00ABE55E /* Debug */ = {
			isa = XCBuildConfiguration;
			buildSettings = {
				ARCHS = "$(ARCHS_STANDARD_32_BIT)";
				FRAMEWORK_SEARCH_PATHS = "";
				GCC_C_LANGUAGE_STANDARD = c99;
				GCC_WARN_ABOUT_RETURN_TYPE = YES;
				GCC_WARN_UNUSED_VARIABLE = YES;
				HEADER_SEARCH_PATHS = "";
				ONLY_ACTIVE_ARCH = YES;
				PREBINDING = NO;
				SDKROOT = macosx10.5;
				SKIP_INSTALL = YES;
				SYSTEM_FRAMEWORK_SEARCH_PATHS = "";
				USER_HEADER_SEARCH_PATHS = "";
			};
			name = Debug;
		};
		4FADC24808B4156D00ABE55E /* Release */ = {
			isa = XCBuildConfiguration;
			buildSettings = {
				ARCHS = "$(ARCHS_STANDARD_32_BIT)";
				FRAMEWORK_SEARCH_PATHS = "";
				GCC_C_LANGUAGE_STANDARD = c99;
				GCC_WARN_ABOUT_RETURN_TYPE = YES;
				GCC_WARN_UNUSED_VARIABLE = YES;
				HEADER_SEARCH_PATHS = "";
				PREBINDING = NO;
				SDKROOT = macosx10.5;
				SKIP_INSTALL = YES;
				SYSTEM_FRAMEWORK_SEARCH_PATHS = "";
				USER_HEADER_SEARCH_PATHS = "";
			};
			name = Release;
		};
/* End XCBuildConfiguration section */

/* Begin XCConfigurationList section */
		4FADC24208B4156D00ABE55E /* Build configuration list for PBXNativeTarget "Foundation" */ = {
			isa = XCConfigurationList;
			buildConfigurations = (
				4FADC24308B4156D00ABE55E /* Debug */,
				4FADC24408B4156D00ABE55E /* Release */,
			);
			defaultConfigurationIsVisible = 0;
			defaultConfigurationName = Release;
		};
		4FADC24608B4156D00ABE55E /* Build configuration list for PBXProject "PureFoundation" */ = {
			isa = XCConfigurationList;
			buildConfigurations = (
				4FADC24708B4156D00ABE55E /* Debug */,
				4FADC24808B4156D00ABE55E /* Release */,
			);
			defaultConfigurationIsVisible = 0;
			defaultConfigurationName = Release;
		};
/* End XCConfigurationList section */
	};
	rootObject = 0867D690FE84028FC02AAC07 /* Project object */;
}
